
Microsoft Visual Studio Solution File, Format Version 12.00
# Visual Studio 2013
VisualStudioVersion = 12.0.31101.0
MinimumVisualStudioVersion = 10.0.40219.1
Project("{FAE04EC0-301F-11D3-BF4B-00C04F79EFBC}") = "MakeDropdownlist.api", "MakeDropdownlist\MakeDropdownlist.api.csproj", "{2695E17A-B8F5-4BAC-B346-ADFB3F8DF70F}"
EndProject
Project("{FAE04EC0-301F-11D3-BF4B-00C04F79EFBC}") = "MakeDropdownlist.model", "MakeDropdownlist.model\MakeDropdownlist.model.csproj", "{E4B5A695-C251-48BC-B0FB-343360B5C16B}"
EndProject
Global
	GlobalSection(SolutionConfigurationPlatforms) = preSolution
		Debug|Any CPU = Debug|Any CPU
		Release|Any CPU = Release|Any CPU
	EndGlobalSection
	GlobalSection(ProjectConfigurationPlatforms) = postSolution
		{2695E17A-B8F5-4BAC-B346-ADFB3F8DF70F}.Debug|Any CPU.ActiveCfg = Debug|Any CPU
		{2695E17A-B8F5-4BAC-B346-ADFB3F8DF70F}.Debug|Any CPU.Build.0 = Debug|Any CPU
		{2695E17A-B8F5-4BAC-B346-ADFB3F8DF70F}.Release|Any CPU.ActiveCfg = Release|Any CPU
		{2695E17A-B8F5-4BAC-B346-ADFB3F8DF70F}.Release|Any CPU.Build.0 = Release|Any CPU
		{E4B5A695-C251-48BC-B0FB-343360B5C16B}.Debug|Any CPU.ActiveCfg = Debug|Any CPU
		{E4B5A695-C251-48BC-B0FB-343360B5C16B}.Debug|Any CPU.Build.0 = Debug|Any CPU
		{E4B5A695-C251-48BC-B0FB-343360B5C16B}.Release|Any CPU.ActiveCfg = Release|Any CPU
		{E4B5A695-C251-48BC-B0FB-343360B5C16B}.Release|Any CPU.Build.0 = Release|Any CPU
	EndGlobalSection
	GlobalSection(SolutionProperties) = preSolution
		HideSolutionNode = FALSE
	EndGlobalSection
EndGlobal
